# This file is automatically @generated by Cargo.
# It is not intended for manual editing.
version = 4

[[package]]
name = "bitflags"
version = "2.8.0"
source = "registry+https://github.com/rust-lang/crates.io-index"
checksum = "8f68f53c83ab957f72c32642f3868eec03eb974d1fb82e453128456482613d36"

[[package]]
name = "byteorder"
version = "1.5.0"
source = "registry+https://github.com/rust-lang/crates.io-index"
checksum = "1fd0f2584146f6f2ef48085050886acf353beff7305ebd1ae69500e27c67f64b"

[[package]]
name = "hash32"
version = "0.3.1"
source = "registry+https://github.com/rust-lang/crates.io-index"
checksum = "47d60b12902ba28e2730cd37e95b8c9223af2808df9e902d4df49588d1470606"
dependencies = [
 "byteorder",
]

[[package]]
name = "heapless"
version = "0.8.0"
source = "registry+https://github.com/rust-lang/crates.io-index"
checksum = "0bfb9eb618601c89945a70e254898da93b13be0388091d42117462b265bb3fad"
dependencies = [
 "hash32",
 "stable_deref_trait",
]

[[package]]
name = "itoa"
version = "1.0.14"
source = "registry+https://github.com/rust-lang/crates.io-index"
checksum = "d75a2a4b1b190afb6f5425f10f6a8f959d2ea0b9c2b1d79553551850539e4674"

[[package]]
name = "kernel"
version = "0.1.0"
dependencies = [
 "heapless",
 "lang",
 "limine",
 "memsos_core",
 "os",
]

[[package]]
name = "lang"
version = "0.1.0"
dependencies = [
 "miniserde",
]

[[package]]
name = "limine"
version = "0.3.1"
source = "registry+https://github.com/rust-lang/crates.io-index"
checksum = "9ca87cab008b8efeebdbe037cd4d1438037d48c5cb6fed939ffa5aa06315a321"
dependencies = [
 "bitflags",
]

[[package]]
name = "memsos-boot"
version = "0.1.0"
dependencies = [
 "ovmf-prebuilt",
]

[[package]]
name = "memsos_core"
version = "0.1.0"
dependencies = [
 "heapless",
 "lang",
]

[[package]]
name = "mini-internal"
version = "0.1.41"
source = "registry+https://github.com/rust-lang/crates.io-index"
checksum = "07b7f1340a7f0d2f89755aac4096f1c55352bfcb95cb8f351d6fcefa18df474f"
dependencies = [
 "proc-macro2",
 "quote",
 "syn",
]

[[package]]
name = "miniserde"
version = "0.1.41"
source = "registry+https://github.com/rust-lang/crates.io-index"
checksum = "625208b7bc90255fe6d99338041880bf48a3049166f46fbefbd4e9b0478c0b66"
dependencies = [
 "itoa",
 "mini-internal",
 "ryu",
]

[[package]]
name = "noto-sans-mono-bitmap"
version = "0.3.1"
source = "registry+https://github.com/rust-lang/crates.io-index"
checksum = "1064d564ae026ae123bf5d607318b42a5b31d70a3c48e6ea7ee44cce4cdb095e"

[[package]]
name = "os"
version = "0.1.0"
dependencies = [
 "heapless",
 "lang",
 "limine",
 "memsos_core",
 "noto-sans-mono-bitmap",
]

[[package]]
name = "ovmf-prebuilt"
version = "0.1.0-alpha.1"
source = "registry+https://github.com/rust-lang/crates.io-index"
checksum = "fa50141d081512ab30fd9e7e7692476866df5098b028536ad6680212e717fa8d"

[[package]]
name = "proc-macro2"
version = "1.0.93"
source = "registry+https://github.com/rust-lang/crates.io-index"
checksum = "60946a68e5f9d28b0dc1c21bb8a97ee7d018a8b322fa57838ba31cc878e22d99"
dependencies = [
 "unicode-ident",
]

[[package]]
name = "quote"
version = "1.0.38"
source = "registry+https://github.com/rust-lang/crates.io-index"
checksum = "0e4dccaaaf89514f546c693ddc140f729f958c247918a13380cccc6078391acc"
dependencies = [
 "proc-macro2",
]

[[package]]
name = "ryu"
version = "1.0.19"
source = "registry+https://github.com/rust-lang/crates.io-index"
checksum = "6ea1a2d0a644769cc99faa24c3ad26b379b786fe7c36fd3c546254801650e6dd"

[[package]]
name = "stable_deref_trait"
version = "1.2.0"
source = "registry+https://github.com/rust-lang/crates.io-index"
checksum = "a8f112729512f8e442d81f95a8a7ddf2b7c6b8a1a6f509a95864142b30cab2d3"

[[package]]
name = "syn"
version = "2.0.98"
source = "registry+https://github.com/rust-lang/crates.io-index"
checksum = "36147f1a48ae0ec2b5b3bc5b537d267457555a10dc06f3dbc8cb11ba3006d3b1"
dependencies = [
 "proc-macro2",
 "quote",
 "unicode-ident",
]

[[package]]
name = "unicode-ident"
version = "1.0.16"
source = "registry+https://github.com/rust-lang/crates.io-index"
checksum = "a210d160f08b701c8721ba1c726c11662f877ea6b7094007e1ca9a1041945034"
